
Microsoft Visual Studio Solution File, Format Version 12.00
# Visual Studio Version 17
VisualStudioVersion = 17.13.35825.156 d17.13
MinimumVisualStudioVersion = 10.0.40219.1
Project("{FAE04EC0-301F-11D3-BF4B-00C04F79EFBC}") = "SS.CodingChallenge.Api", "SS.CodingChallenge.Api\SS.CodingChallenge.Api.csproj", "{05A5C3B1-2619-4E8D-B166-702940DBD11B}"
EndProject
Project("{FAE04EC0-301F-11D3-BF4B-00C04F79EFBC}") = "SS.CodingChallenge.Web", "SS.CodingChallenge.Web\SS.CodingChallenge.Web.csproj", "{AD8E049C-2726-47F0-81A9-EF30C434CF59}"
EndProject
Global
	GlobalSection(SolutionConfigurationPlatforms) = preSolution
		Debug|Any CPU = Debug|Any CPU
		Release|Any CPU = Release|Any CPU
	EndGlobalSection
	GlobalSection(ProjectConfigurationPlatforms) = postSolution
		{05A5C3B1-2619-4E8D-B166-702940DBD11B}.Debug|Any CPU.ActiveCfg = Debug|Any CPU
		{05A5C3B1-2619-4E8D-B166-702940DBD11B}.Debug|Any CPU.Build.0 = Debug|Any CPU
		{05A5C3B1-2619-4E8D-B166-702940DBD11B}.Release|Any CPU.ActiveCfg = Release|Any CPU
		{05A5C3B1-2619-4E8D-B166-702940DBD11B}.Release|Any CPU.Build.0 = Release|Any CPU
		{AD8E049C-2726-47F0-81A9-EF30C434CF59}.Debug|Any CPU.ActiveCfg = Debug|Any CPU
		{AD8E049C-2726-47F0-81A9-EF30C434CF59}.Debug|Any CPU.Build.0 = Debug|Any CPU
		{AD8E049C-2726-47F0-81A9-EF30C434CF59}.Release|Any CPU.ActiveCfg = Release|Any CPU
		{AD8E049C-2726-47F0-81A9-EF30C434CF59}.Release|Any CPU.Build.0 = Release|Any CPU
	EndGlobalSection
	GlobalSection(SolutionProperties) = preSolution
		HideSolutionNode = FALSE
	EndGlobalSection
	GlobalSection(ExtensibilityGlobals) = postSolution
		SolutionGuid = {F112398A-F09D-461F-BC40-EAB911F9C762}
	EndGlobalSection
EndGlobal
